
Microsoft Visual Studio Solution File, Format Version 12.00
# Visual Studio 15
VisualStudioVersion = 15.0.27703.2035
MinimumVisualStudioVersion = 10.0.40219.1
Project("{9A19103F-16F7-4668-BE54-9A1E7A4F7556}") = "day-01", "day-01\day-01.csproj", "{F516CA28-38DE-4F9F-94D8-BD4D4950E198}"
EndProject
Project("{9A19103F-16F7-4668-BE54-9A1E7A4F7556}") = "day-02", "day-02\day-02.csproj", "{8AAAB1D0-FB99-41F6-8069-A92537F4902F}"
EndProject
Project("{9A19103F-16F7-4668-BE54-9A1E7A4F7556}") = "day-03", "day-03\day-03.csproj", "{378593AB-1FA2-46C2-B38F-E0D5D11ED713}"
EndProject
Project("{9A19103F-16F7-4668-BE54-9A1E7A4F7556}") = "day-04", "day-04\day-04.csproj", "{A7CA22FF-1DAB-45D6-A525-E4CB71536C11}"
EndProject
Project("{9A19103F-16F7-4668-BE54-9A1E7A4F7556}") = "day-05", "day-05\day-05.csproj", "{B9DC1012-B4F5-4B39-B8F5-AE43A9166D5A}"
EndProject
Project("{9A19103F-16F7-4668-BE54-9A1E7A4F7556}") = "day-06", "day-06\day-06.csproj", "{594E1638-70B4-4486-B394-77B487143D82}"
EndProject
Project("{9A19103F-16F7-4668-BE54-9A1E7A4F7556}") = "day-07", "day-07\day-07.csproj", "{517A335B-8F24-4365-AF8F-5A17C9307870}"
EndProject
Project("{9A19103F-16F7-4668-BE54-9A1E7A4F7556}") = "day-08", "day-08\day-08.csproj", "{16869274-A081-4B92-9055-465D6316E740}"
EndProject
Project("{9A19103F-16F7-4668-BE54-9A1E7A4F7556}") = "day-09", "day-09\day-09.csproj", "{4E2DF59D-6880-4C7B-8FB6-8B77E875709D}"
EndProject
Project("{9A19103F-16F7-4668-BE54-9A1E7A4F7556}") = "day-10", "day-10\day-10.csproj", "{6623C807-249C-4FCD-8293-9FB941CC732E}"
EndProject
Project("{9A19103F-16F7-4668-BE54-9A1E7A4F7556}") = "day-11", "day-11\day-11.csproj", "{BFAD64EC-D03F-45C4-AB9C-9A658BADE74A}"
EndProject
Project("{FAE04EC0-301F-11D3-BF4B-00C04F79EFBC}") = "day-12", "day-12\day-12.csproj", "{C8477F6B-2C46-4CA3-9992-888ED6564ADD}"
EndProject
Global
	GlobalSection(SolutionConfigurationPlatforms) = preSolution
		Debug|Any CPU = Debug|Any CPU
		Release|Any CPU = Release|Any CPU
	EndGlobalSection
	GlobalSection(ProjectConfigurationPlatforms) = postSolution
		{F516CA28-38DE-4F9F-94D8-BD4D4950E198}.Debug|Any CPU.ActiveCfg = Debug|Any CPU
		{F516CA28-38DE-4F9F-94D8-BD4D4950E198}.Debug|Any CPU.Build.0 = Debug|Any CPU
		{F516CA28-38DE-4F9F-94D8-BD4D4950E198}.Release|Any CPU.ActiveCfg = Release|Any CPU
		{F516CA28-38DE-4F9F-94D8-BD4D4950E198}.Release|Any CPU.Build.0 = Release|Any CPU
		{8AAAB1D0-FB99-41F6-8069-A92537F4902F}.Debug|Any CPU.ActiveCfg = Debug|Any CPU
		{8AAAB1D0-FB99-41F6-8069-A92537F4902F}.Debug|Any CPU.Build.0 = Debug|Any CPU
		{8AAAB1D0-FB99-41F6-8069-A92537F4902F}.Release|Any CPU.ActiveCfg = Release|Any CPU
		{8AAAB1D0-FB99-41F6-8069-A92537F4902F}.Release|Any CPU.Build.0 = Release|Any CPU
		{378593AB-1FA2-46C2-B38F-E0D5D11ED713}.Debug|Any CPU.ActiveCfg = Debug|Any CPU
		{378593AB-1FA2-46C2-B38F-E0D5D11ED713}.Debug|Any CPU.Build.0 = Debug|Any CPU
		{378593AB-1FA2-46C2-B38F-E0D5D11ED713}.Release|Any CPU.ActiveCfg = Release|Any CPU
		{378593AB-1FA2-46C2-B38F-E0D5D11ED713}.Release|Any CPU.Build.0 = Release|Any CPU
		{A7CA22FF-1DAB-45D6-A525-E4CB71536C11}.Debug|Any CPU.ActiveCfg = Debug|Any CPU
		{A7CA22FF-1DAB-45D6-A525-E4CB71536C11}.Debug|Any CPU.Build.0 = Debug|Any CPU
		{A7CA22FF-1DAB-45D6-A525-E4CB71536C11}.Release|Any CPU.ActiveCfg = Release|Any CPU
		{A7CA22FF-1DAB-45D6-A525-E4CB71536C11}.Release|Any CPU.Build.0 = Release|Any CPU
		{B9DC1012-B4F5-4B39-B8F5-AE43A9166D5A}.Debug|Any CPU.ActiveCfg = Debug|Any CPU
		{B9DC1012-B4F5-4B39-B8F5-AE43A9166D5A}.Debug|Any CPU.Build.0 = Debug|Any CPU
		{B9DC1012-B4F5-4B39-B8F5-AE43A9166D5A}.Release|Any CPU.ActiveCfg = Release|Any CPU
		{B9DC1012-B4F5-4B39-B8F5-AE43A9166D5A}.Release|Any CPU.Build.0 = Release|Any CPU
		{594E1638-70B4-4486-B394-77B487143D82}.Debug|Any CPU.ActiveCfg = Debug|Any CPU
		{594E1638-70B4-4486-B394-77B487143D82}.Debug|Any CPU.Build.0 = Debug|Any CPU
		{594E1638-70B4-4486-B394-77B487143D82}.Release|Any CPU.ActiveCfg = Release|Any CPU
		{594E1638-70B4-4486-B394-77B487143D82}.Release|Any CPU.Build.0 = Release|Any CPU
		{517A335B-8F24-4365-AF8F-5A17C9307870}.Debug|Any CPU.ActiveCfg = Debug|Any CPU
		{517A335B-8F24-4365-AF8F-5A17C9307870}.Debug|Any CPU.Build.0 = Debug|Any CPU
		{517A335B-8F24-4365-AF8F-5A17C9307870}.Release|Any CPU.ActiveCfg = Release|Any CPU
		{517A335B-8F24-4365-AF8F-5A17C9307870}.Release|Any CPU.Build.0 = Release|Any CPU
		{16869274-A081-4B92-9055-465D6316E740}.Debug|Any CPU.ActiveCfg = Debug|Any CPU
		{16869274-A081-4B92-9055-465D6316E740}.Debug|Any CPU.Build.0 = Debug|Any CPU
		{16869274-A081-4B92-9055-465D6316E740}.Release|Any CPU.ActiveCfg = Release|Any CPU
		{16869274-A081-4B92-9055-465D6316E740}.Release|Any CPU.Build.0 = Release|Any CPU
		{4E2DF59D-6880-4C7B-8FB6-8B77E875709D}.Debug|Any CPU.ActiveCfg = Debug|Any CPU
		{4E2DF59D-6880-4C7B-8FB6-8B77E875709D}.Debug|Any CPU.Build.0 = Debug|Any CPU
		{4E2DF59D-6880-4C7B-8FB6-8B77E875709D}.Release|Any CPU.ActiveCfg = Release|Any CPU
		{4E2DF59D-6880-4C7B-8FB6-8B77E875709D}.Release|Any CPU.Build.0 = Release|Any CPU
		{6623C807-249C-4FCD-8293-9FB941CC732E}.Debug|Any CPU.ActiveCfg = Debug|Any CPU
		{6623C807-249C-4FCD-8293-9FB941CC732E}.Debug|Any CPU.Build.0 = Debug|Any CPU
		{6623C807-249C-4FCD-8293-9FB941CC732E}.Release|Any CPU.ActiveCfg = Release|Any CPU
		{6623C807-249C-4FCD-8293-9FB941CC732E}.Release|Any CPU.Build.0 = Release|Any CPU
		{BFAD64EC-D03F-45C4-AB9C-9A658BADE74A}.Debug|Any CPU.ActiveCfg = Debug|Any CPU
		{BFAD64EC-D03F-45C4-AB9C-9A658BADE74A}.Debug|Any CPU.Build.0 = Debug|Any CPU
		{BFAD64EC-D03F-45C4-AB9C-9A658BADE74A}.Release|Any CPU.ActiveCfg = Release|Any CPU
		{BFAD64EC-D03F-45C4-AB9C-9A658BADE74A}.Release|Any CPU.Build.0 = Release|Any CPU
		{C8477F6B-2C46-4CA3-9992-888ED6564ADD}.Debug|Any CPU.ActiveCfg = Debug|Any CPU
		{C8477F6B-2C46-4CA3-9992-888ED6564ADD}.Debug|Any CPU.Build.0 = Debug|Any CPU
		{C8477F6B-2C46-4CA3-9992-888ED6564ADD}.Release|Any CPU.ActiveCfg = Release|Any CPU
		{C8477F6B-2C46-4CA3-9992-888ED6564ADD}.Release|Any CPU.Build.0 = Release|Any CPU
	EndGlobalSection
	GlobalSection(SolutionProperties) = preSolution
		HideSolutionNode = FALSE
	EndGlobalSection
	GlobalSection(ExtensibilityGlobals) = postSolution
		SolutionGuid = {5D364C8A-8C11-44F7-876B-8F47CF1961DF}
	EndGlobalSection
EndGlobal
